
Microsoft Visual Studio Solution File, Format Version 12.00
# Visual Studio 15
VisualStudioVersion = 15.0.28307.102
MinimumVisualStudioVersion = 10.0.40219.1
Project("{FAE04EC0-301F-11D3-BF4B-00C04F79EFBC}") = "Backend", "Backend\Backend.csproj", "{05F6BFAD-3DE8-4CC4-A1A5-CF5EB3A8069F}"
EndProject
Project("{FAE04EC0-301F-11D3-BF4B-00C04F79EFBC}") = "Frontend", "Frontend\Frontend.csproj", "{42358098-7468-4E4F-B41B-6EDAD4BDB995}"
EndProject
Global
	GlobalSection(SolutionConfigurationPlatforms) = preSolution
		Debug|Any CPU = Debug|Any CPU
		Release|Any CPU = Release|Any CPU
	EndGlobalSection
	GlobalSection(ProjectConfigurationPlatforms) = postSolution
		{05F6BFAD-3DE8-4CC4-A1A5-CF5EB3A8069F}.Debug|Any CPU.ActiveCfg = Debug|Any CPU
		{05F6BFAD-3DE8-4CC4-A1A5-CF5EB3A8069F}.Debug|Any CPU.Build.0 = Debug|Any CPU
		{05F6BFAD-3DE8-4CC4-A1A5-CF5EB3A8069F}.Release|Any CPU.ActiveCfg = Release|Any CPU
		{05F6BFAD-3DE8-4CC4-A1A5-CF5EB3A8069F}.Release|Any CPU.Build.0 = Release|Any CPU
		{42358098-7468-4E4F-B41B-6EDAD4BDB995}.Debug|Any CPU.ActiveCfg = Debug|Any CPU
		{42358098-7468-4E4F-B41B-6EDAD4BDB995}.Debug|Any CPU.Build.0 = Debug|Any CPU
		{42358098-7468-4E4F-B41B-6EDAD4BDB995}.Release|Any CPU.ActiveCfg = Release|Any CPU
		{42358098-7468-4E4F-B41B-6EDAD4BDB995}.Release|Any CPU.Build.0 = Release|Any CPU
	EndGlobalSection
	GlobalSection(SolutionProperties) = preSolution
		HideSolutionNode = FALSE
	EndGlobalSection
	GlobalSection(ExtensibilityGlobals) = postSolution
		SolutionGuid = {4B5B84D4-9D3F-4AAC-807E-E76A053075CA}
	EndGlobalSection
EndGlobal
